
Microsoft Visual Studio Solution File, Format Version 12.00
# Visual Studio Version 16
VisualStudioVersion = 16.0.31515.178
MinimumVisualStudioVersion = 10.0.40219.1
Project("{8BC9CEB8-8B4A-11D0-8D11-00A0C91BC942}") = "001_黑马", "001_黑马\001_黑马.vcxproj", "{F0E23AA2-9EC8-4875-AF08-52669ACAFF04}"
EndProject
Global
	GlobalSection(SolutionConfigurationPlatforms) = preSolution
		Debug|x64 = Debug|x64
		Debug|x86 = Debug|x86
		Release|x64 = Release|x64
		Release|x86 = Release|x86
	EndGlobalSection
	GlobalSection(ProjectConfigurationPlatforms) = postSolution
		{F0E23AA2-9EC8-4875-AF08-52669ACAFF04}.Debug|x64.ActiveCfg = Debug|x64
		{F0E23AA2-9EC8-4875-AF08-52669ACAFF04}.Debug|x64.Build.0 = Debug|x64
		{F0E23AA2-9EC8-4875-AF08-52669ACAFF04}.Debug|x86.ActiveCfg = Debug|Win32
		{F0E23AA2-9EC8-4875-AF08-52669ACAFF04}.Debug|x86.Build.0 = Debug|Win32
		{F0E23AA2-9EC8-4875-AF08-52669ACAFF04}.Release|x64.ActiveCfg = Release|x64
		{F0E23AA2-9EC8-4875-AF08-52669ACAFF04}.Release|x64.Build.0 = Release|x64
		{F0E23AA2-9EC8-4875-AF08-52669ACAFF04}.Release|x86.ActiveCfg = Release|Win32
		{F0E23AA2-9EC8-4875-AF08-52669ACAFF04}.Release|x86.Build.0 = Release|Win32
	EndGlobalSection
	GlobalSection(SolutionProperties) = preSolution
		HideSolutionNode = FALSE
	EndGlobalSection
	GlobalSection(ExtensibilityGlobals) = postSolution
		SolutionGuid = {9B61EC53-8D7B-45B5-9F6C-E17B2E65EA8E}
	EndGlobalSection
EndGlobal
